
Microsoft Visual Studio Solution File, Format Version 12.00
# Visual Studio Version 17
VisualStudioVersion = 17.4.33403.182
MinimumVisualStudioVersion = 10.0.40219.1
Project("{FAE04EC0-301F-11D3-BF4B-00C04F79EFBC}") = "CityInfo.API", "..\CityInfo\CityInfo.API\CityInfo.API.csproj", "{7857E1DA-DCD2-4BB4-8855-277695BEF7D1}"
EndProject
Global
	GlobalSection(SolutionConfigurationPlatforms) = preSolution
		Debug|Any CPU = Debug|Any CPU
		Release|Any CPU = Release|Any CPU
	EndGlobalSection
	GlobalSection(ProjectConfigurationPlatforms) = postSolution
		{7857E1DA-DCD2-4BB4-8855-277695BEF7D1}.Debug|Any CPU.ActiveCfg = Debug|Any CPU
		{7857E1DA-DCD2-4BB4-8855-277695BEF7D1}.Debug|Any CPU.Build.0 = Debug|Any CPU
		{7857E1DA-DCD2-4BB4-8855-277695BEF7D1}.Release|Any CPU.ActiveCfg = Release|Any CPU
		{7857E1DA-DCD2-4BB4-8855-277695BEF7D1}.Release|Any CPU.Build.0 = Release|Any CPU
	EndGlobalSection
	GlobalSection(SolutionProperties) = preSolution
		HideSolutionNode = FALSE
	EndGlobalSection
	GlobalSection(ExtensibilityGlobals) = postSolution
		SolutionGuid = {EE0FC03B-78C7-45B1-97BC-E3EE158D3E76}
	EndGlobalSection
EndGlobal
